
Microsoft Visual Studio Solution File, Format Version 12.00
# Visual Studio Version 17
VisualStudioVersion = 17.7.34024.191
MinimumVisualStudioVersion = 10.0.40219.1
Project("{FAE04EC0-301F-11D3-BF4B-00C04F79EFBC}") = "HM4", "HM4\HM4.csproj", "{89695D1D-8731-4C82-9615-68FE97969D5F}"
EndProject
Global
	GlobalSection(SolutionConfigurationPlatforms) = preSolution
		Debug|Any CPU = Debug|Any CPU
		Release|Any CPU = Release|Any CPU
	EndGlobalSection
	GlobalSection(ProjectConfigurationPlatforms) = postSolution
		{89695D1D-8731-4C82-9615-68FE97969D5F}.Debug|Any CPU.ActiveCfg = Debug|Any CPU
		{89695D1D-8731-4C82-9615-68FE97969D5F}.Debug|Any CPU.Build.0 = Debug|Any CPU
		{89695D1D-8731-4C82-9615-68FE97969D5F}.Release|Any CPU.ActiveCfg = Release|Any CPU
		{89695D1D-8731-4C82-9615-68FE97969D5F}.Release|Any CPU.Build.0 = Release|Any CPU
	EndGlobalSection
	GlobalSection(SolutionProperties) = preSolution
		HideSolutionNode = FALSE
	EndGlobalSection
	GlobalSection(ExtensibilityGlobals) = postSolution
		SolutionGuid = {7CBE4E5C-BB36-40C1-A9A4-A312231AD4AF}
	EndGlobalSection
EndGlobal
